<?xml version="1.0" encoding="utf-8"?>
<Project ToolsVersion="4.0" xmlns="http://schemas.microsoft.com/developer/msbuild/2003">
  <ItemGroup>
    <Filter Include="ソース ファイル">
      <UniqueIdentifier>{4FC737F1-C7A5-4376-A066-2A32D752A2FF}</UniqueIdentifier>
      <Extensions>cpp;c;cc;cxx;def;odl;idl;hpj;bat;asm;asmx</Extensions>
    </Filter>
    <Filter Include="ヘッダー ファイル">
      <UniqueIdentifier>{93995380-89BD-4b04-88EB-625FBE52EBFB}</UniqueIdentifier>
      <Extensions>h;hh;hpp;hxx;hm;inl;inc;ipp;xsd</Extensions>
    </Filter>
    <Filter Include="リソース ファイル">
      <UniqueIdentifier>{67DA6AB6-F800-4c08-8B7A-83BB121AAD01}</UniqueIdentifier>
      <Extensions>rc;ico;cur;bmp;dlg;rc2;rct;bin;rgs;gif;jpg;jpeg;jpe;resx;tiff;tif;png;wav;mfcribbon-ms</Extensions>
    </Filter>
    <Filter Include="Engine">
      <UniqueIdentifier>{0236ecb8-29b9-437c-9d7e-967ce9847f0a}</UniqueIdentifier>
    </Filter>
    <Filter Include="Utility">
      <UniqueIdentifier>{dd99d004-36a5-4205-9abc-83c624f781a4}</UniqueIdentifier>
    </Filter>
    <Filter Include="Texture">
      <UniqueIdentifier>{aefd2ee6-0ce9-4b69-b9f5-2e49d7e2f58e}</UniqueIdentifier>
    </Filter>
    <Filter Include="Scene">
      <UniqueIdentifier>{f6a147c6-974c-41d9-9ca4-16d3058b0cc2}</UniqueIdentifier>
    </Filter>
    <Filter Include="Object">
      <UniqueIdentifier>{37c18712-8525-4ab7-a50b-84c22b4a4506}</UniqueIdentifier>
    </Filter>
    <Filter Include="Manager">
      <UniqueIdentifier>{ea652ce7-c5c7-4048-9092-dae475916e46}</UniqueIdentifier>
    </Filter>
    <Filter Include="Bullet">
      <UniqueIdentifier>{b4da0ac4-7ea4-4f25-9852-17aae52e256d}</UniqueIdentifier>
    </Filter>
    <Filter Include="Map">
      <UniqueIdentifier>{0d508f98-e79d-4049-983e-6a607579c3e6}</UniqueIdentifier>
    </Filter>
    <Filter Include="Sound">
      <UniqueIdentifier>{cb681894-14d9-4196-b8e3-0d16aac142ab}</UniqueIdentifier>
    </Filter>
    <Filter Include="Enemy">
      <UniqueIdentifier>{c5d26246-5762-478a-8b47-11a4b8320792}</UniqueIdentifier>
    </Filter>
    <Filter Include="UI">
      <UniqueIdentifier>{33dcfe55-e941-4d51-a4f9-10da382780ac}</UniqueIdentifier>
    </Filter>
    <Filter Include="Player">
      <UniqueIdentifier>{f5d7317f-950c-4b78-b7bb-c3f711bb4988}</UniqueIdentifier>
    </Filter>
    <Filter Include="Player\TrpPlayer">
      <UniqueIdentifier>{d47ac46f-cfd6-4be8-8ba4-039fab2dea04}</UniqueIdentifier>
    </Filter>
  </ItemGroup>
  <ItemGroup>
    <ClCompile Include="Main.cpp">
      <Filter>ソース ファイル</Filter>
    </ClCompile>
    <ClCompile Include="Engine\Anime.cpp">
      <Filter>Engine</Filter>
    </ClCompile>
    <ClCompile Include="Engine\Engine.cpp">
      <Filter>Engine</Filter>
    </ClCompile>
    <ClCompile Include="Engine\Graphics.cpp">
      <Filter>Engine</Filter>
    </ClCompile>
    <ClCompile Include="Engine\Input.cpp">
      <Filter>Engine</Filter>
    </ClCompile>
    <ClCompile Include="Engine\Sound.cpp">
      <Filter>Engine</Filter>
    </ClCompile>
    <ClCompile Include="Engine\Windows.cpp">
      <Filter>Engine</Filter>
    </ClCompile>
    <ClCompile Include="Scene\GameEndScene.cpp">
      <Filter>Scene</Filter>
    </ClCompile>
    <ClCompile Include="Scene\GameScene.cpp">
      <Filter>Scene</Filter>
    </ClCompile>
    <ClCompile Include="Scene\Scene.cpp">
      <Filter>Scene</Filter>
    </ClCompile>
    <ClCompile Include="Scene\TitleScene.cpp">
      <Filter>Scene</Filter>
    </ClCompile>
    <ClCompile Include="Texture\Texture.cpp">
      <Filter>Texture</Filter>
    </ClCompile>
    <ClCompile Include="Object\ObjectBace.cpp">
      <Filter>Object</Filter>
    </ClCompile>
    <ClCompile Include="Manager\ObjectManager.cpp">
      <Filter>Manager</Filter>
    </ClCompile>
    <ClCompile Include="Player\TrpPlayer.cpp">
      <Filter>Player\TrpPlayer</Filter>
    </ClCompile>
    <ClCompile Include="Bullet\BulletBase.cpp">
      <Filter>Bullet</Filter>
    </ClCompile>
    <ClCompile Include="Bullet\EnemyBullet.cpp">
      <Filter>Bullet</Filter>
    </ClCompile>
    <ClCompile Include="Bullet\PlayerBullet.cpp">
      <Filter>Bullet</Filter>
    </ClCompile>
    <ClCompile Include="Player\PlayerBase.cpp">
      <Filter>Player</Filter>
    </ClCompile>
    <ClCompile Include="Map\Map.cpp">
      <Filter>Map</Filter>
    </ClCompile>
    <ClCompile Include="Sound\DirectSound.cpp">
      <Filter>Sound</Filter>
    </ClCompile>
    <ClCompile Include="Sound\AudioPlayer.cpp">
      <Filter>Sound</Filter>
    </ClCompile>
    <ClCompile Include="Enemy\EnemyBase.cpp">
      <Filter>Enemy</Filter>
    </ClCompile>
    <ClCompile Include="Enemy\Mouse.cpp">
      <Filter>Enemy</Filter>
    </ClCompile>
    <ClCompile Include="UI\UiBase.cpp">
      <Filter>UI</Filter>
    </ClCompile>
    <ClCompile Include="UI\UiManager.cpp">
      <Filter>UI</Filter>
    </ClCompile>
    <ClCompile Include="UI\EnemyUi.cpp">
      <Filter>UI</Filter>
    </ClCompile>
    <ClCompile Include="UI\PlayerBaseUi.cpp">
      <Filter>UI</Filter>
    </ClCompile>
    <ClCompile Include="Engine\FlameTimer.cpp">
      <Filter>Engine</Filter>
    </ClCompile>
  </ItemGroup>
  <ItemGroup>
    <ClInclude Include="Engine\Anime.h">
      <Filter>Engine</Filter>
    </ClInclude>
    <ClInclude Include="Engine\Engine.h">
      <Filter>Engine</Filter>
    </ClInclude>
    <ClInclude Include="Engine\Graphics.h">
      <Filter>Engine</Filter>
    </ClInclude>
    <ClInclude Include="Engine\Input.h">
      <Filter>Engine</Filter>
    </ClInclude>
    <ClInclude Include="Engine\Sound.h">
      <Filter>Engine</Filter>
    </ClInclude>
    <ClInclude Include="Engine\Vec.h">
      <Filter>Engine</Filter>
    </ClInclude>
    <ClInclude Include="Engine\Windows.h">
      <Filter>Engine</Filter>
    </ClInclude>
    <ClInclude Include="Scene\GameEndScene.h">
      <Filter>Scene</Filter>
    </ClInclude>
    <ClInclude Include="Scene\GameScene.h">
      <Filter>Scene</Filter>
    </ClInclude>
    <ClInclude Include="Scene\Scene.h">
      <Filter>Scene</Filter>
    </ClInclude>
    <ClInclude Include="Scene\TitleScene.h">
      <Filter>Scene</Filter>
    </ClInclude>
    <ClInclude Include="Texture\Texture.h">
      <Filter>Texture</Filter>
    </ClInclude>
    <ClInclude Include="Utility\Size.h">
      <Filter>Utility</Filter>
    </ClInclude>
    <ClInclude Include="Object\ObjectBase.h">
      <Filter>Object</Filter>
    </ClInclude>
    <ClInclude Include="Manager\ObjectManager.h">
      <Filter>Manager</Filter>
    </ClInclude>
    <ClInclude Include="Object\Definition.h">
      <Filter>Object</Filter>
    </ClInclude>
    <ClInclude Include="Player\TrpPlayer.h">
      <Filter>Player\TrpPlayer</Filter>
    </ClInclude>
    <ClInclude Include="Bullet\BulletBase.h">
      <Filter>Bullet</Filter>
    </ClInclude>
    <ClInclude Include="Bullet\PlayerBullet.h">
      <Filter>Bullet</Filter>
    </ClInclude>
    <ClInclude Include="Bullet\EnemyBullet.h">
      <Filter>Bullet</Filter>
    </ClInclude>
    <ClInclude Include="Player\PlayerBase.h">
      <Filter>Player</Filter>
    </ClInclude>
    <ClInclude Include="Map\Map.h">
      <Filter>Map</Filter>
    </ClInclude>
    <ClInclude Include="Sound\DirectSound.h">
      <Filter>Sound</Filter>
    </ClInclude>
    <ClInclude Include="Sound\AudioPlayer.h">
      <Filter>Sound</Filter>
    </ClInclude>
    <ClInclude Include="Enemy\EnemyBase.h">
      <Filter>Enemy</Filter>
    </ClInclude>
    <ClInclude Include="Enemy\Mouse.h">
      <Filter>Enemy</Filter>
    </ClInclude>
    <ClInclude Include="UI\UiBase.h">
      <Filter>UI</Filter>
    </ClInclude>
    <ClInclude Include="UI\UiManager.h">
      <Filter>UI</Filter>
    </ClInclude>
    <ClInclude Include="UI\EnemyUi.h">
      <Filter>UI</Filter>
    </ClInclude>
    <ClInclude Include="UI\PlayerBaseUi.h">
      <Filter>UI</Filter>
    </ClInclude>
    <ClInclude Include="Engine\FlameTimer.h">
      <Filter>Engine</Filter>
    </ClInclude>
  </ItemGroup>
</Project>