
Microsoft Visual Studio Solution File, Format Version 12.00
# Visual Studio Version 16
VisualStudioVersion = 16.0.28803.156
MinimumVisualStudioVersion = 10.0.40219.1
Project("{8BC9CEB8-8B4A-11D0-8D11-00A0C91BC942}") = "Libraly", "Libraly.vcxproj", "{260B69E0-81B7-43BA-AB33-A5967C10D31D}"
EndProject
Global
	GlobalSection(SolutionConfigurationPlatforms) = preSolution
		Debug|x64 = Debug|x64
		Debug|x86 = Debug|x86
		Release|x64 = Release|x64
		Release|x86 = Release|x86
	EndGlobalSection
	GlobalSection(ProjectConfigurationPlatforms) = postSolution
		{260B69E0-81B7-43BA-AB33-A5967C10D31D}.Debug|x64.ActiveCfg = Debug|x64
		{260B69E0-81B7-43BA-AB33-A5967C10D31D}.Debug|x64.Build.0 = Debug|x64
		{260B69E0-81B7-43BA-AB33-A5967C10D31D}.Debug|x86.ActiveCfg = Debug|Win32
		{260B69E0-81B7-43BA-AB33-A5967C10D31D}.Debug|x86.Build.0 = Debug|Win32
		{260B69E0-81B7-43BA-AB33-A5967C10D31D}.Release|x64.ActiveCfg = Release|x64
		{260B69E0-81B7-43BA-AB33-A5967C10D31D}.Release|x64.Build.0 = Release|x64
		{260B69E0-81B7-43BA-AB33-A5967C10D31D}.Release|x86.ActiveCfg = Release|Win32
		{260B69E0-81B7-43BA-AB33-A5967C10D31D}.Release|x86.Build.0 = Release|Win32
	EndGlobalSection
	GlobalSection(SolutionProperties) = preSolution
		HideSolutionNode = FALSE
	EndGlobalSection
	GlobalSection(ExtensibilityGlobals) = postSolution
		SolutionGuid = {BE46B27A-72A5-4A24-BB49-1DCC870A8FC3}
	EndGlobalSection
EndGlobal
