<?xml version="1.0" encoding="utf-8"?>
<Project ToolsVersion="4.0" xmlns="http://schemas.microsoft.com/developer/msbuild/2003">
  <ItemGroup>
    <Filter Include="ソース ファイル">
      <UniqueIdentifier>{4FC737F1-C7A5-4376-A066-2A32D752A2FF}</UniqueIdentifier>
      <Extensions>cpp;c;cc;cxx;def;odl;idl;hpj;bat;asm;asmx</Extensions>
    </Filter>
    <Filter Include="ヘッダー ファイル">
      <UniqueIdentifier>{93995380-89BD-4b04-88EB-625FBE52EBFB}</UniqueIdentifier>
      <Extensions>h;hh;hpp;hxx;hm;inl;inc;ipp;xsd</Extensions>
    </Filter>
    <Filter Include="リソース ファイル">
      <UniqueIdentifier>{67DA6AB6-F800-4c08-8B7A-83BB121AAD01}</UniqueIdentifier>
      <Extensions>rc;ico;cur;bmp;dlg;rc2;rct;bin;rgs;gif;jpg;jpeg;jpe;resx;tiff;tif;png;wav;mfcribbon-ms</Extensions>
    </Filter>
    <Filter Include="Engine">
      <UniqueIdentifier>{0236ecb8-29b9-437c-9d7e-967ce9847f0a}</UniqueIdentifier>
    </Filter>
    <Filter Include="Utility">
      <UniqueIdentifier>{dd99d004-36a5-4205-9abc-83c624f781a4}</UniqueIdentifier>
    </Filter>
    <Filter Include="Texture">
      <UniqueIdentifier>{aefd2ee6-0ce9-4b69-b9f5-2e49d7e2f58e}</UniqueIdentifier>
    </Filter>
    <Filter Include="Scene">
      <UniqueIdentifier>{f6a147c6-974c-41d9-9ca4-16d3058b0cc2}</UniqueIdentifier>
    </Filter>
    <Filter Include="Object">
      <UniqueIdentifier>{37c18712-8525-4ab7-a50b-84c22b4a4506}</UniqueIdentifier>
    </Filter>
    <Filter Include="Manager">
      <UniqueIdentifier>{ea652ce7-c5c7-4048-9092-dae475916e46}</UniqueIdentifier>
    </Filter>
    <Filter Include="Bullet">
      <UniqueIdentifier>{b4da0ac4-7ea4-4f25-9852-17aae52e256d}</UniqueIdentifier>
    </Filter>
    <Filter Include="Sound">
      <UniqueIdentifier>{cb681894-14d9-4196-b8e3-0d16aac142ab}</UniqueIdentifier>
    </Filter>
    <Filter Include="Enemy">
      <UniqueIdentifier>{c5d26246-5762-478a-8b47-11a4b8320792}</UniqueIdentifier>
    </Filter>
    <Filter Include="UI">
      <UniqueIdentifier>{33dcfe55-e941-4d51-a4f9-10da382780ac}</UniqueIdentifier>
    </Filter>
    <Filter Include="Player">
      <UniqueIdentifier>{f5d7317f-950c-4b78-b7bb-c3f711bb4988}</UniqueIdentifier>
    </Filter>
    <Filter Include="Player\TrpPlayer">
      <UniqueIdentifier>{d47ac46f-cfd6-4be8-8ba4-039fab2dea04}</UniqueIdentifier>
    </Filter>
    <Filter Include="DataBank">
      <UniqueIdentifier>{3b071d3f-50e0-4c69-bf6e-8dc29020ef6e}</UniqueIdentifier>
    </Filter>
    <Filter Include="Scene\SceneObject">
      <UniqueIdentifier>{7297b6ba-0f4e-4f37-84fe-47cd703baad4}</UniqueIdentifier>
    </Filter>
    <Filter Include="Player\FlutePlayer">
      <UniqueIdentifier>{fb5afde8-741e-450d-bb68-a5ff6da594fc}</UniqueIdentifier>
    </Filter>
    <Filter Include="Player\TubaPlayer">
      <UniqueIdentifier>{7eb365f5-6978-4d40-a906-cb1fcd01b939}</UniqueIdentifier>
    </Filter>
    <Filter Include="Effect">
      <UniqueIdentifier>{aef9ed81-f44c-4b91-a377-43a82c792221}</UniqueIdentifier>
    </Filter>
    <Filter Include="Effect\Effects">
      <UniqueIdentifier>{60de4c52-005f-4181-a3a7-1c5fab205d9b}</UniqueIdentifier>
    </Filter>
    <Filter Include="MapBase">
      <UniqueIdentifier>{0d508f98-e79d-4049-983e-6a607579c3e6}</UniqueIdentifier>
    </Filter>
    <Filter Include="MapBase\SeaMap">
      <UniqueIdentifier>{ff4cd1bb-b73e-4169-a777-f83d5670ddcc}</UniqueIdentifier>
    </Filter>
    <Filter Include="MapBase\CityMap">
      <UniqueIdentifier>{bbdc78af-63f7-4be8-97a7-1869b34dacc7}</UniqueIdentifier>
    </Filter>
    <Filter Include="MapBase\WoodsMap">
      <UniqueIdentifier>{4eaf0490-a24a-4ed6-97c4-38c42ce1081e}</UniqueIdentifier>
    </Filter>
    <Filter Include="Collision">
      <UniqueIdentifier>{b92cdbf4-f959-4935-8fec-3344595356fd}</UniqueIdentifier>
    </Filter>
    <Filter Include="Collision\ShapeType">
      <UniqueIdentifier>{a675e501-fe53-48fb-9063-b0027c6e8615}</UniqueIdentifier>
    </Filter>
    <Filter Include="Collision\CollisionCalc">
      <UniqueIdentifier>{52185d7a-a3c4-4039-ab6f-387f20179695}</UniqueIdentifier>
    </Filter>
    <Filter Include="LoadSceneTex">
      <UniqueIdentifier>{2549eeaa-3d5b-48a7-a59a-634e2bb67907}</UniqueIdentifier>
    </Filter>
    <Filter Include="LoadSceneTex\TitleSceneLoad">
      <UniqueIdentifier>{af818f37-10da-4452-9187-4e7ed9bc1c49}</UniqueIdentifier>
    </Filter>
    <Filter Include="LoadSceneTex\GameSceneLoad">
      <UniqueIdentifier>{125fbf1f-4ccd-4d43-9afe-9cdca0344b6a}</UniqueIdentifier>
    </Filter>
    <Filter Include="LoadSceneTex\HelpSceneLoad">
      <UniqueIdentifier>{9594332c-68eb-4bc9-8639-0ec154e0b779}</UniqueIdentifier>
    </Filter>
    <Filter Include="LoadSceneTex\SelectSceneLoad">
      <UniqueIdentifier>{de6c9888-f31d-49e8-99d7-8a9d82070fb5}</UniqueIdentifier>
    </Filter>
    <Filter Include="LoadSceneTex\GameEndSceneLoad">
      <UniqueIdentifier>{8d29cd74-4fad-48c7-bd18-7ee947bd9513}</UniqueIdentifier>
    </Filter>
    <Filter Include="Object\MapObject">
      <UniqueIdentifier>{cf3a458c-0ea1-46fe-bf1d-18fdfa1f7b7c}</UniqueIdentifier>
    </Filter>
  </ItemGroup>
  <ItemGroup>
    <ClCompile Include="Main.cpp">
      <Filter>ソース ファイル</Filter>
    </ClCompile>
    <ClCompile Include="Engine\Anime.cpp">
      <Filter>Engine</Filter>
    </ClCompile>
    <ClCompile Include="Engine\Engine.cpp">
      <Filter>Engine</Filter>
    </ClCompile>
    <ClCompile Include="Engine\Graphics.cpp">
      <Filter>Engine</Filter>
    </ClCompile>
    <ClCompile Include="Engine\Input.cpp">
      <Filter>Engine</Filter>
    </ClCompile>
    <ClCompile Include="Engine\Sound.cpp">
      <Filter>Engine</Filter>
    </ClCompile>
    <ClCompile Include="Engine\Windows.cpp">
      <Filter>Engine</Filter>
    </ClCompile>
    <ClCompile Include="Scene\GameEndScene.cpp">
      <Filter>Scene</Filter>
    </ClCompile>
    <ClCompile Include="Scene\GameScene.cpp">
      <Filter>Scene</Filter>
    </ClCompile>
    <ClCompile Include="Scene\Scene.cpp">
      <Filter>Scene</Filter>
    </ClCompile>
    <ClCompile Include="Scene\TitleScene.cpp">
      <Filter>Scene</Filter>
    </ClCompile>
    <ClCompile Include="Texture\Texture.cpp">
      <Filter>Texture</Filter>
    </ClCompile>
    <ClCompile Include="Object\ObjectBace.cpp">
      <Filter>Object</Filter>
    </ClCompile>
    <ClCompile Include="Manager\ObjectManager.cpp">
      <Filter>Manager</Filter>
    </ClCompile>
    <ClCompile Include="Player\TrpPlayer.cpp">
      <Filter>Player\TrpPlayer</Filter>
    </ClCompile>
    <ClCompile Include="Bullet\BulletBase.cpp">
      <Filter>Bullet</Filter>
    </ClCompile>
    <ClCompile Include="Bullet\EnemyBullet.cpp">
      <Filter>Bullet</Filter>
    </ClCompile>
    <ClCompile Include="Bullet\PlayerBullet.cpp">
      <Filter>Bullet</Filter>
    </ClCompile>
    <ClCompile Include="Player\PlayerBase.cpp">
      <Filter>Player</Filter>
    </ClCompile>
    <ClCompile Include="Map\Map.cpp">
      <Filter>MapBase</Filter>
    </ClCompile>
    <ClCompile Include="Sound\DirectSound.cpp">
      <Filter>Sound</Filter>
    </ClCompile>
    <ClCompile Include="Sound\AudioPlayer.cpp">
      <Filter>Sound</Filter>
    </ClCompile>
    <ClCompile Include="Enemy\EnemyBase.cpp">
      <Filter>Enemy</Filter>
    </ClCompile>
    <ClCompile Include="Enemy\Mouse.cpp">
      <Filter>Enemy</Filter>
    </ClCompile>
    <ClCompile Include="UI\UiBase.cpp">
      <Filter>UI</Filter>
    </ClCompile>
    <ClCompile Include="UI\UiManager.cpp">
      <Filter>UI</Filter>
    </ClCompile>
    <ClCompile Include="UI\PlayerBaseUi.cpp">
      <Filter>UI</Filter>
    </ClCompile>
    <ClCompile Include="Engine\FlameTimer.cpp">
      <Filter>Engine</Filter>
    </ClCompile>
    <ClCompile Include="Engine\FileLoader.cpp">
      <Filter>Engine</Filter>
    </ClCompile>
    <ClCompile Include="Manager\CollisionManager.cpp">
      <Filter>Manager</Filter>
    </ClCompile>
    <ClCompile Include="UI\PlayerHpUi.cpp">
      <Filter>UI</Filter>
    </ClCompile>
    <ClCompile Include="UI\PlayerBulletUi.cpp">
      <Filter>UI</Filter>
    </ClCompile>
    <ClCompile Include="UI\EnemyBaseUi.cpp">
      <Filter>UI</Filter>
    </ClCompile>
    <ClCompile Include="UI\SleepGaugeUi.cpp">
      <Filter>UI</Filter>
    </ClCompile>
    <ClCompile Include="UI\FatigueGaugeUi.cpp">
      <Filter>UI</Filter>
    </ClCompile>
    <ClCompile Include="UI\EnemyAchieve.cpp">
      <Filter>UI</Filter>
    </ClCompile>
    <ClCompile Include="DataBank\DataBank.cpp">
      <Filter>DataBank</Filter>
    </ClCompile>
    <ClCompile Include="Engine\Slider.cpp">
      <Filter>Engine</Filter>
    </ClCompile>
    <ClCompile Include="Scene\HelpScene.cpp">
      <Filter>Scene</Filter>
    </ClCompile>
    <ClCompile Include="Scene\SelectScene.cpp">
      <Filter>Scene</Filter>
    </ClCompile>
    <ClCompile Include="Scene\SceneObject\SceneBase.cpp">
      <Filter>Scene\SceneObject</Filter>
    </ClCompile>
    <ClCompile Include="Scene\SceneObject\TitleSceneObject.cpp">
      <Filter>Scene\SceneObject</Filter>
    </ClCompile>
    <ClCompile Include="Scene\SceneObject\HelpSceneObject.cpp">
      <Filter>Scene\SceneObject</Filter>
    </ClCompile>
    <ClCompile Include="Scene\SceneObject\EndSceneObject.cpp">
      <Filter>Scene\SceneObject</Filter>
    </ClCompile>
    <ClCompile Include="Scene\SceneObject\SelectSceneObject.cpp">
      <Filter>Scene\SceneObject</Filter>
    </ClCompile>
    <ClCompile Include="Utility\HitTest.cpp">
      <Filter>Utility</Filter>
    </ClCompile>
    <ClCompile Include="Player\TubaPlayer\TubaPlayer.cpp">
      <Filter>Player\TubaPlayer</Filter>
    </ClCompile>
    <ClCompile Include="Enemy\Bird.cpp">
      <Filter>Enemy</Filter>
    </ClCompile>
    <ClCompile Include="Bullet\ShitBullet.cpp">
      <Filter>Bullet</Filter>
    </ClCompile>
    <ClCompile Include="Effect\EffectBase.cpp">
      <Filter>Effect</Filter>
    </ClCompile>
    <ClCompile Include="Effect\Effects\SleepEffect.cpp">
      <Filter>Effect\Effects</Filter>
    </ClCompile>
    <ClCompile Include="Effect\Effects\DieEffect.cpp">
      <Filter>Effect\Effects</Filter>
    </ClCompile>
    <ClCompile Include="Effect\Effects\DebuffEffect.cpp">
      <Filter>Effect\Effects</Filter>
    </ClCompile>
    <ClCompile Include="Effect\Effects\FailureEffect.cpp">
      <Filter>Effect\Effects</Filter>
    </ClCompile>
    <ClCompile Include="Effect\Effects\HitEffect.cpp">
      <Filter>Effect\Effects</Filter>
    </ClCompile>
    <ClCompile Include="Effect\Effects\LandingEffect.cpp">
      <Filter>Effect\Effects</Filter>
    </ClCompile>
    <ClCompile Include="Effect\Effects\ShotEffect.cpp">
      <Filter>Effect\Effects</Filter>
    </ClCompile>
    <ClCompile Include="Effect\Effects\SweatEffect.cpp">
      <Filter>Effect\Effects</Filter>
    </ClCompile>
    <ClCompile Include="Enemy\Gorilla.cpp">
      <Filter>Enemy</Filter>
    </ClCompile>
    <ClCompile Include="Bullet\BananaBullet.cpp">
      <Filter>Bullet</Filter>
    </ClCompile>
    <ClCompile Include="Map\SeaMap\SeaMap.cpp">
      <Filter>MapBase\SeaMap</Filter>
    </ClCompile>
    <ClCompile Include="Map\CityMap\CityMap.cpp">
      <Filter>MapBase\CityMap</Filter>
    </ClCompile>
    <ClCompile Include="Map\WoodsMap\WoodsMap.cpp">
      <Filter>MapBase\WoodsMap</Filter>
    </ClCompile>
    <ClCompile Include="Bullet\MonkeyBullet.cpp">
      <Filter>Bullet</Filter>
    </ClCompile>
    <ClCompile Include="SceneLoader\GameSceneLoad\GameSceneLoad.cpp">
      <Filter>LoadSceneTex\GameSceneLoad</Filter>
    </ClCompile>
    <ClCompile Include="SceneLoader\GameEndSceneLoad\GameEndSceneLoad.cpp">
      <Filter>LoadSceneTex\GameEndSceneLoad</Filter>
    </ClCompile>
    <ClCompile Include="SceneLoader\HelpSceneLoad\HelpSceneLoad.cpp">
      <Filter>LoadSceneTex\HelpSceneLoad</Filter>
    </ClCompile>
    <ClCompile Include="SceneLoader\SelectSceneLoad\SelectSceneLoad.cpp">
      <Filter>LoadSceneTex\SelectSceneLoad</Filter>
    </ClCompile>
    <ClCompile Include="SceneLoader\TitleSceneLoad\TitleSceneLoad.cpp">
      <Filter>LoadSceneTex\TitleSceneLoad</Filter>
    </ClCompile>
    <ClCompile Include="Collision\ShapeBase.cpp">
      <Filter>Collision</Filter>
    </ClCompile>
    <ClCompile Include="Collision\ShapeType\ShapeCircle.cpp">
      <Filter>Collision\ShapeType</Filter>
    </ClCompile>
    <ClCompile Include="Collision\ShapeType\ShapeRect.cpp">
      <Filter>Collision\ShapeType</Filter>
    </ClCompile>
    <ClCompile Include="Collision\ShapeType\ShapeLine.cpp">
      <Filter>Collision\ShapeType</Filter>
    </ClCompile>
    <ClCompile Include="Collision\CollisionCalc\CollisionBase.cpp">
      <Filter>Collision\CollisionCalc</Filter>
    </ClCompile>
    <ClCompile Include="Collision\CollisionCalc\CircleAndCircle.cpp">
      <Filter>Collision\CollisionCalc</Filter>
    </ClCompile>
    <ClCompile Include="Collision\CollisionCalc\CircleAndRect.cpp">
      <Filter>Collision\CollisionCalc</Filter>
    </ClCompile>
    <ClCompile Include="Collision\CollisionCalc\RectAndRect.cpp">
      <Filter>Collision\CollisionCalc</Filter>
    </ClCompile>
    <ClCompile Include="Collision\CollisionCalc\AnyCollision.cpp">
      <Filter>Collision\CollisionCalc</Filter>
    </ClCompile>
    <ClCompile Include="Player\FlutePlayer\FlutePlayer.cpp">
      <Filter>Player\FlutePlayer</Filter>
    </ClCompile>
    <ClCompile Include="Sound\SoundManager.cpp">
      <Filter>Sound</Filter>
    </ClCompile>
    <ClCompile Include="DataBank\SaveData.cpp">
      <Filter>DataBank</Filter>
    </ClCompile>
    <ClCompile Include="UI\PlayerBrassUi.cpp">
      <Filter>UI</Filter>
    </ClCompile>
    <ClCompile Include="Object\MapObject\BananaObject.cpp">
      <Filter>Object\MapObject</Filter>
    </ClCompile>
    <ClCompile Include="Object\MapObject\FountainObject.cpp">
      <Filter>Object\MapObject</Filter>
    </ClCompile>
    <ClCompile Include="Object\MapObject\LargeGrassObject.cpp">
      <Filter>Object\MapObject</Filter>
    </ClCompile>
    <ClCompile Include="Object\MapObject\GrassObject.cpp">
      <Filter>Object\MapObject</Filter>
    </ClCompile>
    <ClCompile Include="Object\MapObject\SmallGrassObject.cpp">
      <Filter>Object\MapObject</Filter>
    </ClCompile>
    <ClCompile Include="Object\MapObject\MapObjectBase.cpp">
      <Filter>Object\MapObject</Filter>
    </ClCompile>
    <ClCompile Include="UI\LifeCutUi.cpp">
      <Filter>UI</Filter>
    </ClCompile>
  </ItemGroup>
  <ItemGroup>
    <ClInclude Include="Engine\Anime.h">
      <Filter>Engine</Filter>
    </ClInclude>
    <ClInclude Include="Engine\Engine.h">
      <Filter>Engine</Filter>
    </ClInclude>
    <ClInclude Include="Engine\Graphics.h">
      <Filter>Engine</Filter>
    </ClInclude>
    <ClInclude Include="Engine\Input.h">
      <Filter>Engine</Filter>
    </ClInclude>
    <ClInclude Include="Engine\Sound.h">
      <Filter>Engine</Filter>
    </ClInclude>
    <ClInclude Include="Engine\Vec.h">
      <Filter>Engine</Filter>
    </ClInclude>
    <ClInclude Include="Engine\Windows.h">
      <Filter>Engine</Filter>
    </ClInclude>
    <ClInclude Include="Scene\GameEndScene.h">
      <Filter>Scene</Filter>
    </ClInclude>
    <ClInclude Include="Scene\GameScene.h">
      <Filter>Scene</Filter>
    </ClInclude>
    <ClInclude Include="Scene\Scene.h">
      <Filter>Scene</Filter>
    </ClInclude>
    <ClInclude Include="Scene\TitleScene.h">
      <Filter>Scene</Filter>
    </ClInclude>
    <ClInclude Include="Texture\Texture.h">
      <Filter>Texture</Filter>
    </ClInclude>
    <ClInclude Include="Utility\Size.h">
      <Filter>Utility</Filter>
    </ClInclude>
    <ClInclude Include="Object\ObjectBase.h">
      <Filter>Object</Filter>
    </ClInclude>
    <ClInclude Include="Manager\ObjectManager.h">
      <Filter>Manager</Filter>
    </ClInclude>
    <ClInclude Include="Object\Definition.h">
      <Filter>Object</Filter>
    </ClInclude>
    <ClInclude Include="Player\TrpPlayer.h">
      <Filter>Player\TrpPlayer</Filter>
    </ClInclude>
    <ClInclude Include="Bullet\BulletBase.h">
      <Filter>Bullet</Filter>
    </ClInclude>
    <ClInclude Include="Bullet\PlayerBullet.h">
      <Filter>Bullet</Filter>
    </ClInclude>
    <ClInclude Include="Bullet\EnemyBullet.h">
      <Filter>Bullet</Filter>
    </ClInclude>
    <ClInclude Include="Player\PlayerBase.h">
      <Filter>Player</Filter>
    </ClInclude>
    <ClInclude Include="Map\Map.h">
      <Filter>MapBase</Filter>
    </ClInclude>
    <ClInclude Include="Sound\DirectSound.h">
      <Filter>Sound</Filter>
    </ClInclude>
    <ClInclude Include="Sound\AudioPlayer.h">
      <Filter>Sound</Filter>
    </ClInclude>
    <ClInclude Include="Enemy\EnemyBase.h">
      <Filter>Enemy</Filter>
    </ClInclude>
    <ClInclude Include="Enemy\Mouse.h">
      <Filter>Enemy</Filter>
    </ClInclude>
    <ClInclude Include="UI\UiBase.h">
      <Filter>UI</Filter>
    </ClInclude>
    <ClInclude Include="UI\UiManager.h">
      <Filter>UI</Filter>
    </ClInclude>
    <ClInclude Include="UI\PlayerBaseUi.h">
      <Filter>UI</Filter>
    </ClInclude>
    <ClInclude Include="Engine\FlameTimer.h">
      <Filter>Engine</Filter>
    </ClInclude>
    <ClInclude Include="Engine\FileLoader.h">
      <Filter>Engine</Filter>
    </ClInclude>
    <ClInclude Include="Manager\CollisionManager.h">
      <Filter>Manager</Filter>
    </ClInclude>
    <ClInclude Include="UI\PlayerHpUi.h">
      <Filter>UI</Filter>
    </ClInclude>
    <ClInclude Include="UI\PlayerBulletUi.h">
      <Filter>UI</Filter>
    </ClInclude>
    <ClInclude Include="UI\EnemyBaseUi.h">
      <Filter>UI</Filter>
    </ClInclude>
    <ClInclude Include="UI\SleepGaugeUi.h">
      <Filter>UI</Filter>
    </ClInclude>
    <ClInclude Include="UI\FatigueGaugeUi.h">
      <Filter>UI</Filter>
    </ClInclude>
    <ClInclude Include="UI\EnemyAchieve.h">
      <Filter>UI</Filter>
    </ClInclude>
    <ClInclude Include="DataBank\DataBank.h">
      <Filter>DataBank</Filter>
    </ClInclude>
    <ClInclude Include="Engine\Slider.h">
      <Filter>Engine</Filter>
    </ClInclude>
    <ClInclude Include="Scene\HelpScene.h">
      <Filter>Scene</Filter>
    </ClInclude>
    <ClInclude Include="Scene\SelectScene.h">
      <Filter>Scene</Filter>
    </ClInclude>
    <ClInclude Include="Scene\SceneObject\SceneBase.h">
      <Filter>Scene\SceneObject</Filter>
    </ClInclude>
    <ClInclude Include="Scene\SceneObject\TitleSceneObject.h">
      <Filter>Scene\SceneObject</Filter>
    </ClInclude>
    <ClInclude Include="Scene\SceneObject\HelpSceneObject.h">
      <Filter>Scene\SceneObject</Filter>
    </ClInclude>
    <ClInclude Include="Scene\SceneObject\EndSceneObject.h">
      <Filter>Scene\SceneObject</Filter>
    </ClInclude>
    <ClInclude Include="Scene\SceneObject\SelectSceneObject.h">
      <Filter>Scene\SceneObject</Filter>
    </ClInclude>
    <ClInclude Include="Utility\HitTest.h">
      <Filter>Utility</Filter>
    </ClInclude>
    <ClInclude Include="Player\TubaPlayer\TubaPlayer.h">
      <Filter>Player\TubaPlayer</Filter>
    </ClInclude>
    <ClInclude Include="Enemy\Bird.h">
      <Filter>Enemy</Filter>
    </ClInclude>
    <ClInclude Include="Bullet\ShitBullet.h">
      <Filter>Bullet</Filter>
    </ClInclude>
    <ClInclude Include="Effect\EffectBase.h">
      <Filter>Effect</Filter>
    </ClInclude>
    <ClInclude Include="Effect\Effects\SleepEffect.h">
      <Filter>Effect\Effects</Filter>
    </ClInclude>
    <ClInclude Include="Effect\Effects\DieEffect.h">
      <Filter>Effect\Effects</Filter>
    </ClInclude>
    <ClInclude Include="Effect\Effects\DebuffEffect.h">
      <Filter>Effect\Effects</Filter>
    </ClInclude>
    <ClInclude Include="Effect\Effects\FailureEffect.h">
      <Filter>Effect\Effects</Filter>
    </ClInclude>
    <ClInclude Include="Effect\Effects\HitEffect.h">
      <Filter>Effect\Effects</Filter>
    </ClInclude>
    <ClInclude Include="Effect\Effects\LandingEffect.h">
      <Filter>Effect\Effects</Filter>
    </ClInclude>
    <ClInclude Include="Effect\Effects\ShotEffect.h">
      <Filter>Effect\Effects</Filter>
    </ClInclude>
    <ClInclude Include="Effect\Effects\SweatEffect.h">
      <Filter>Effect\Effects</Filter>
    </ClInclude>
    <ClInclude Include="Enemy\Gorilla.h">
      <Filter>Enemy</Filter>
    </ClInclude>
    <ClInclude Include="Bullet\BananaBullet.h">
      <Filter>Bullet</Filter>
    </ClInclude>
    <ClInclude Include="Map\SeaMap\SeaMap.h">
      <Filter>MapBase\SeaMap</Filter>
    </ClInclude>
    <ClInclude Include="Map\CityMap\CityMap.h">
      <Filter>MapBase\CityMap</Filter>
    </ClInclude>
    <ClInclude Include="Map\WoodsMap\WoodsMap.h">
      <Filter>MapBase\WoodsMap</Filter>
    </ClInclude>
    <ClInclude Include="Bullet\MonkeyBullet.h">
      <Filter>Bullet</Filter>
    </ClInclude>
    <ClInclude Include="SceneLoader\GameSceneLoad\GameSceneLoad.h">
      <Filter>LoadSceneTex\GameSceneLoad</Filter>
    </ClInclude>
    <ClInclude Include="SceneLoader\GameEndSceneLoad\GameEndSceneLoad.h">
      <Filter>LoadSceneTex\GameEndSceneLoad</Filter>
    </ClInclude>
    <ClInclude Include="SceneLoader\HelpSceneLoad\HelpSceneLoad.h">
      <Filter>LoadSceneTex\HelpSceneLoad</Filter>
    </ClInclude>
    <ClInclude Include="SceneLoader\SelectSceneLoad\SelectSceneLoad.h">
      <Filter>LoadSceneTex\SelectSceneLoad</Filter>
    </ClInclude>
    <ClInclude Include="SceneLoader\TitleSceneLoad\TitleSceneLoad.h">
      <Filter>LoadSceneTex\TitleSceneLoad</Filter>
    </ClInclude>
    <ClInclude Include="Collision\ShapeBase.h">
      <Filter>Collision</Filter>
    </ClInclude>
    <ClInclude Include="Collision\ShapeType\ShapeCircle.h">
      <Filter>Collision\ShapeType</Filter>
    </ClInclude>
    <ClInclude Include="Collision\ShapeType\ShapeRect.h">
      <Filter>Collision\ShapeType</Filter>
    </ClInclude>
    <ClInclude Include="Collision\ShapeType\ShapeLine.h">
      <Filter>Collision\ShapeType</Filter>
    </ClInclude>
    <ClInclude Include="Collision\CollisionCalc\CollisionBase.h">
      <Filter>Collision\CollisionCalc</Filter>
    </ClInclude>
    <ClInclude Include="Collision\CollisionCalc\CircleAndCircle.h">
      <Filter>Collision\CollisionCalc</Filter>
    </ClInclude>
    <ClInclude Include="Collision\CollisionCalc\CircleAndRect.h">
      <Filter>Collision\CollisionCalc</Filter>
    </ClInclude>
    <ClInclude Include="Collision\CollisionCalc\RectAndRect.h">
      <Filter>Collision\CollisionCalc</Filter>
    </ClInclude>
    <ClInclude Include="Collision\CollisionCalc\AnyCollision.h">
      <Filter>Collision\CollisionCalc</Filter>
    </ClInclude>
    <ClInclude Include="Player\FlutePlayer\FlutePlayer.h">
      <Filter>Player\FlutePlayer</Filter>
    </ClInclude>
    <ClInclude Include="Sound\SoundManager.h">
      <Filter>Sound</Filter>
    </ClInclude>
    <ClInclude Include="DataBank\SaveData.h">
      <Filter>DataBank</Filter>
    </ClInclude>
    <ClInclude Include="UI\PlayerBrassUi.h">
      <Filter>UI</Filter>
    </ClInclude>
    <ClInclude Include="Object\MapObject\BananaObject.h">
      <Filter>Object\MapObject</Filter>
    </ClInclude>
    <ClInclude Include="Object\MapObject\FountainObject.h">
      <Filter>Object\MapObject</Filter>
    </ClInclude>
    <ClInclude Include="Object\MapObject\GrassObject.h">
      <Filter>Object\MapObject</Filter>
    </ClInclude>
    <ClInclude Include="Object\MapObject\LargeGrassObject.h">
      <Filter>Object\MapObject</Filter>
    </ClInclude>
    <ClInclude Include="Object\MapObject\SmallGrassObject.h">
      <Filter>Object\MapObject</Filter>
    </ClInclude>
    <ClInclude Include="Object\MapObject\MapObjectBase.h">
      <Filter>Object\MapObject</Filter>
    </ClInclude>
    <ClInclude Include="UI\LifeCutUi.h">
      <Filter>UI</Filter>
    </ClInclude>
  </ItemGroup>
</Project>